
Microsoft Visual Studio Solution File, Format Version 12.00
# Visual Studio Version 16
VisualStudioVersion = 16.0.30104.148
MinimumVisualStudioVersion = 10.0.40219.1
Project("{FAE04EC0-301F-11D3-BF4B-00C04F79EFBC}") = "ISoftComercialEstrategia", "ISoftComercialEstrategia\ISoftComercialEstrategia.csproj", "{8020175A-41FB-4855-9500-FC30DA24AF15}"
EndProject
Project("{FAE04EC0-301F-11D3-BF4B-00C04F79EFBC}") = "ISoftData", "ISoftData\ISoftData.csproj", "{80BA817A-65EF-4D00-85DA-1570B3C4F90C}"
EndProject
Project("{FAE04EC0-301F-11D3-BF4B-00C04F79EFBC}") = "ISoftMobile.Android", "ISoftMobile\ISoftMobile.Android\ISoftMobile.Android.csproj", "{0C567043-0605-4869-80AE-FDA22EFCC610}"
EndProject
Project("{FAE04EC0-301F-11D3-BF4B-00C04F79EFBC}") = "ISoftMobile.iOS", "ISoftMobile\ISoftMobile.iOS\ISoftMobile.iOS.csproj", "{B793E7F0-4FE1-4A1C-BEBC-3D5D1126E584}"
EndProject
Project("{FAE04EC0-301F-11D3-BF4B-00C04F79EFBC}") = "ISoftMobile.Web", "ISoftMobile\ISoftMobile.Web\ISoftMobile.Web.csproj", "{1EA2DB75-59BB-45E3-A1E7-A12CD194DACB}"
EndProject
Project("{FAE04EC0-301F-11D3-BF4B-00C04F79EFBC}") = "ISoftMobile", "ISoftMobile\ISoftMobile\ISoftMobile.csproj", "{921B0F77-5F5D-445D-956C-F00A1C45A2BE}"
EndProject
Global
	GlobalSection(SolutionConfigurationPlatforms) = preSolution
		Debug|Any CPU = Debug|Any CPU
		Debug|iPhone = Debug|iPhone
		Debug|iPhoneSimulator = Debug|iPhoneSimulator
		Release|Any CPU = Release|Any CPU
		Release|iPhone = Release|iPhone
		Release|iPhoneSimulator = Release|iPhoneSimulator
	EndGlobalSection
	GlobalSection(ProjectConfigurationPlatforms) = postSolution
		{8020175A-41FB-4855-9500-FC30DA24AF15}.Debug|Any CPU.ActiveCfg = Debug|Any CPU
		{8020175A-41FB-4855-9500-FC30DA24AF15}.Debug|Any CPU.Build.0 = Debug|Any CPU
		{8020175A-41FB-4855-9500-FC30DA24AF15}.Debug|iPhone.ActiveCfg = Debug|Any CPU
		{8020175A-41FB-4855-9500-FC30DA24AF15}.Debug|iPhone.Build.0 = Debug|Any CPU
		{8020175A-41FB-4855-9500-FC30DA24AF15}.Debug|iPhoneSimulator.ActiveCfg = Debug|Any CPU
		{8020175A-41FB-4855-9500-FC30DA24AF15}.Debug|iPhoneSimulator.Build.0 = Debug|Any CPU
		{8020175A-41FB-4855-9500-FC30DA24AF15}.Release|Any CPU.ActiveCfg = Release|Any CPU
		{8020175A-41FB-4855-9500-FC30DA24AF15}.Release|Any CPU.Build.0 = Release|Any CPU
		{8020175A-41FB-4855-9500-FC30DA24AF15}.Release|iPhone.ActiveCfg = Release|Any CPU
		{8020175A-41FB-4855-9500-FC30DA24AF15}.Release|iPhone.Build.0 = Release|Any CPU
		{8020175A-41FB-4855-9500-FC30DA24AF15}.Release|iPhoneSimulator.ActiveCfg = Release|Any CPU
		{8020175A-41FB-4855-9500-FC30DA24AF15}.Release|iPhoneSimulator.Build.0 = Release|Any CPU
		{80BA817A-65EF-4D00-85DA-1570B3C4F90C}.Debug|Any CPU.ActiveCfg = Debug|Any CPU
		{80BA817A-65EF-4D00-85DA-1570B3C4F90C}.Debug|Any CPU.Build.0 = Debug|Any CPU
		{80BA817A-65EF-4D00-85DA-1570B3C4F90C}.Debug|iPhone.ActiveCfg = Debug|Any CPU
		{80BA817A-65EF-4D00-85DA-1570B3C4F90C}.Debug|iPhone.Build.0 = Debug|Any CPU
		{80BA817A-65EF-4D00-85DA-1570B3C4F90C}.Debug|iPhoneSimulator.ActiveCfg = Debug|Any CPU
		{80BA817A-65EF-4D00-85DA-1570B3C4F90C}.Debug|iPhoneSimulator.Build.0 = Debug|Any CPU
		{80BA817A-65EF-4D00-85DA-1570B3C4F90C}.Release|Any CPU.ActiveCfg = Release|Any CPU
		{80BA817A-65EF-4D00-85DA-1570B3C4F90C}.Release|Any CPU.Build.0 = Release|Any CPU
		{80BA817A-65EF-4D00-85DA-1570B3C4F90C}.Release|iPhone.ActiveCfg = Release|Any CPU
		{80BA817A-65EF-4D00-85DA-1570B3C4F90C}.Release|iPhone.Build.0 = Release|Any CPU
		{80BA817A-65EF-4D00-85DA-1570B3C4F90C}.Release|iPhoneSimulator.ActiveCfg = Release|Any CPU
		{80BA817A-65EF-4D00-85DA-1570B3C4F90C}.Release|iPhoneSimulator.Build.0 = Release|Any CPU
		{0C567043-0605-4869-80AE-FDA22EFCC610}.Debug|Any CPU.ActiveCfg = Debug|Any CPU
		{0C567043-0605-4869-80AE-FDA22EFCC610}.Debug|Any CPU.Build.0 = Debug|Any CPU
		{0C567043-0605-4869-80AE-FDA22EFCC610}.Debug|Any CPU.Deploy.0 = Debug|Any CPU
		{0C567043-0605-4869-80AE-FDA22EFCC610}.Debug|iPhone.ActiveCfg = Debug|Any CPU
		{0C567043-0605-4869-80AE-FDA22EFCC610}.Debug|iPhone.Build.0 = Debug|Any CPU
		{0C567043-0605-4869-80AE-FDA22EFCC610}.Debug|iPhone.Deploy.0 = Debug|Any CPU
		{0C567043-0605-4869-80AE-FDA22EFCC610}.Debug|iPhoneSimulator.ActiveCfg = Debug|Any CPU
		{0C567043-0605-4869-80AE-FDA22EFCC610}.Debug|iPhoneSimulator.Build.0 = Debug|Any CPU
		{0C567043-0605-4869-80AE-FDA22EFCC610}.Debug|iPhoneSimulator.Deploy.0 = Debug|Any CPU
		{0C567043-0605-4869-80AE-FDA22EFCC610}.Release|Any CPU.ActiveCfg = Release|Any CPU
		{0C567043-0605-4869-80AE-FDA22EFCC610}.Release|Any CPU.Build.0 = Release|Any CPU
		{0C567043-0605-4869-80AE-FDA22EFCC610}.Release|Any CPU.Deploy.0 = Release|Any CPU
		{0C567043-0605-4869-80AE-FDA22EFCC610}.Release|iPhone.ActiveCfg = Release|Any CPU
		{0C567043-0605-4869-80AE-FDA22EFCC610}.Release|iPhone.Build.0 = Release|Any CPU
		{0C567043-0605-4869-80AE-FDA22EFCC610}.Release|iPhone.Deploy.0 = Release|Any CPU
		{0C567043-0605-4869-80AE-FDA22EFCC610}.Release|iPhoneSimulator.ActiveCfg = Release|Any CPU
		{0C567043-0605-4869-80AE-FDA22EFCC610}.Release|iPhoneSimulator.Build.0 = Release|Any CPU
		{0C567043-0605-4869-80AE-FDA22EFCC610}.Release|iPhoneSimulator.Deploy.0 = Release|Any CPU
		{B793E7F0-4FE1-4A1C-BEBC-3D5D1126E584}.Debug|Any CPU.ActiveCfg = Debug|iPhone
		{B793E7F0-4FE1-4A1C-BEBC-3D5D1126E584}.Debug|iPhone.ActiveCfg = Debug|iPhone
		{B793E7F0-4FE1-4A1C-BEBC-3D5D1126E584}.Debug|iPhone.Build.0 = Debug|iPhone
		{B793E7F0-4FE1-4A1C-BEBC-3D5D1126E584}.Debug|iPhoneSimulator.ActiveCfg = Debug|iPhoneSimulator
		{B793E7F0-4FE1-4A1C-BEBC-3D5D1126E584}.Debug|iPhoneSimulator.Build.0 = Debug|iPhoneSimulator
		{B793E7F0-4FE1-4A1C-BEBC-3D5D1126E584}.Release|Any CPU.ActiveCfg = Release|iPhone
		{B793E7F0-4FE1-4A1C-BEBC-3D5D1126E584}.Release|iPhone.ActiveCfg = Release|iPhone
		{B793E7F0-4FE1-4A1C-BEBC-3D5D1126E584}.Release|iPhone.Build.0 = Release|iPhone
		{B793E7F0-4FE1-4A1C-BEBC-3D5D1126E584}.Release|iPhoneSimulator.ActiveCfg = Release|iPhoneSimulator
		{B793E7F0-4FE1-4A1C-BEBC-3D5D1126E584}.Release|iPhoneSimulator.Build.0 = Release|iPhoneSimulator
		{1EA2DB75-59BB-45E3-A1E7-A12CD194DACB}.Debug|Any CPU.ActiveCfg = Debug|Any CPU
		{1EA2DB75-59BB-45E3-A1E7-A12CD194DACB}.Debug|Any CPU.Build.0 = Debug|Any CPU
		{1EA2DB75-59BB-45E3-A1E7-A12CD194DACB}.Debug|iPhone.ActiveCfg = Debug|Any CPU
		{1EA2DB75-59BB-45E3-A1E7-A12CD194DACB}.Debug|iPhone.Build.0 = Debug|Any CPU
		{1EA2DB75-59BB-45E3-A1E7-A12CD194DACB}.Debug|iPhoneSimulator.ActiveCfg = Debug|Any CPU
		{1EA2DB75-59BB-45E3-A1E7-A12CD194DACB}.Debug|iPhoneSimulator.Build.0 = Debug|Any CPU
		{1EA2DB75-59BB-45E3-A1E7-A12CD194DACB}.Release|Any CPU.ActiveCfg = Release|Any CPU
		{1EA2DB75-59BB-45E3-A1E7-A12CD194DACB}.Release|Any CPU.Build.0 = Release|Any CPU
		{1EA2DB75-59BB-45E3-A1E7-A12CD194DACB}.Release|iPhone.ActiveCfg = Release|Any CPU
		{1EA2DB75-59BB-45E3-A1E7-A12CD194DACB}.Release|iPhone.Build.0 = Release|Any CPU
		{1EA2DB75-59BB-45E3-A1E7-A12CD194DACB}.Release|iPhoneSimulator.ActiveCfg = Release|Any CPU
		{1EA2DB75-59BB-45E3-A1E7-A12CD194DACB}.Release|iPhoneSimulator.Build.0 = Release|Any CPU
		{921B0F77-5F5D-445D-956C-F00A1C45A2BE}.Debug|Any CPU.ActiveCfg = Debug|Any CPU
		{921B0F77-5F5D-445D-956C-F00A1C45A2BE}.Debug|Any CPU.Build.0 = Debug|Any CPU
		{921B0F77-5F5D-445D-956C-F00A1C45A2BE}.Debug|iPhone.ActiveCfg = Debug|Any CPU
		{921B0F77-5F5D-445D-956C-F00A1C45A2BE}.Debug|iPhone.Build.0 = Debug|Any CPU
		{921B0F77-5F5D-445D-956C-F00A1C45A2BE}.Debug|iPhoneSimulator.ActiveCfg = Debug|Any CPU
		{921B0F77-5F5D-445D-956C-F00A1C45A2BE}.Debug|iPhoneSimulator.Build.0 = Debug|Any CPU
		{921B0F77-5F5D-445D-956C-F00A1C45A2BE}.Release|Any CPU.ActiveCfg = Release|Any CPU
		{921B0F77-5F5D-445D-956C-F00A1C45A2BE}.Release|Any CPU.Build.0 = Release|Any CPU
		{921B0F77-5F5D-445D-956C-F00A1C45A2BE}.Release|iPhone.ActiveCfg = Release|Any CPU
		{921B0F77-5F5D-445D-956C-F00A1C45A2BE}.Release|iPhone.Build.0 = Release|Any CPU
		{921B0F77-5F5D-445D-956C-F00A1C45A2BE}.Release|iPhoneSimulator.ActiveCfg = Release|Any CPU
		{921B0F77-5F5D-445D-956C-F00A1C45A2BE}.Release|iPhoneSimulator.Build.0 = Release|Any CPU
	EndGlobalSection
	GlobalSection(SolutionProperties) = preSolution
		HideSolutionNode = FALSE
	EndGlobalSection
	GlobalSection(ExtensibilityGlobals) = postSolution
		SolutionGuid = {DE0CB526-A3A6-4F89-BF20-D5F4FDEB6157}
	EndGlobalSection
EndGlobal
